// !$*UTF8*$!
{
	archiveVersion = 1;
	classes = {
	};
	objectVersion = 46;
	objects = {

/* Begin PBXAggregateTarget section */
		1EC0672418157E8000003F8E /* Mogenerator */ = {
			isa = PBXAggregateTarget;
			buildConfigurationList = 1EC0672518157E8000003F8E /* Build configuration list for PBXAggregateTarget "Mogenerator" */;
			buildPhases = (
				1E3DE9661815832200777D09 /* ShellScript */,
			);
			dependencies = (
			);
			name = Mogenerator;
			productName = Mogenerator;
		};
/* End PBXAggregateTarget section */

/* Begin PBXBuildFile section */
		115EED0E183053140017858B /* novellabold.ttf in Resources */ = {isa = PBXBuildFile; fileRef = 115EED0D183053140017858B /* novellabold.ttf */; };
		118863F918393DFA007F7EBC /* tabbar_tips.png in Resources */ = {isa = PBXBuildFile; fileRef = 118863EF18393DFA007F7EBC /* tabbar_tips.png */; };
		118863FA18393DFA007F7EBC /* tabbar_about.png in Resources */ = {isa = PBXBuildFile; fileRef = 118863F018393DFA007F7EBC /* tabbar_about.png */; };
		118863FB18393DFA007F7EBC /* tabbar_roundtable.png in Resources */ = {isa = PBXBuildFile; fileRef = 118863F118393DFA007F7EBC /* tabbar_roundtable.png */; };
		118863FC18393DFA007F7EBC /* tabbar_dorothy.png in Resources */ = {isa = PBXBuildFile; fileRef = 118863F218393DFA007F7EBC /* tabbar_dorothy.png */; };
		118863FD18393DFA007F7EBC /* tabbar_recipes.png in Resources */ = {isa = PBXBuildFile; fileRef = 118863F318393DFA007F7EBC /* tabbar_recipes.png */; };
		118863FE18393DFA007F7EBC /* tabbar_recipes@2x.png in Resources */ = {isa = PBXBuildFile; fileRef = 118863F418393DFA007F7EBC /* tabbar_recipes@2x.png */; };
		118863FF18393DFA007F7EBC /* tabbar_dorothy@2x.png in Resources */ = {isa = PBXBuildFile; fileRef = 118863F518393DFA007F7EBC /* tabbar_dorothy@2x.png */; };
		1188640018393DFA007F7EBC /* tabbar_roundtable@2x.png in Resources */ = {isa = PBXBuildFile; fileRef = 118863F618393DFA007F7EBC /* tabbar_roundtable@2x.png */; };
		1188640118393DFA007F7EBC /* tabbar_about@2x.png in Resources */ = {isa = PBXBuildFile; fileRef = 118863F718393DFA007F7EBC /* tabbar_about@2x.png */; };
		1188640218393DFA007F7EBC /* tabbar_tips@2x.png in Resources */ = {isa = PBXBuildFile; fileRef = 118863F818393DFA007F7EBC /* tabbar_tips@2x.png */; };
		11AC53D5183EBF1400ED9F4B /* DorothyViewController.m in Sources */ = {isa = PBXBuildFile; fileRef = 11AC53D4183EBF1400ED9F4B /* DorothyViewController.m */; };
		11AC53DB183F050700ED9F4B /* TipsViewController.m in Sources */ = {isa = PBXBuildFile; fileRef = 11AC53DA183F050700ED9F4B /* TipsViewController.m */; };
		11AC53DE183F08BC00ED9F4B /* AlgonquinViewController.m in Sources */ = {isa = PBXBuildFile; fileRef = 11AC53DD183F08BC00ED9F4B /* AlgonquinViewController.m */; };
		11AC53E1183F0F0100ED9F4B /* AboutViewController.m in Sources */ = {isa = PBXBuildFile; fileRef = 11AC53E0183F0F0100ED9F4B /* AboutViewController.m */; };
		11AC53E31842665800ED9F4B /* recipeWebView.html in Resources */ = {isa = PBXBuildFile; fileRef = 11AC53E21842665800ED9F4B /* recipeWebView.html */; };
		11AC53ED18427EE400ED9F4B /* Default-568h@2x.png in Resources */ = {isa = PBXBuildFile; fileRef = 11AC53EA18427EE400ED9F4B /* Default-568h@2x.png */; };
		11AC53EE18427EE400ED9F4B /* Default@2x.png in Resources */ = {isa = PBXBuildFile; fileRef = 11AC53EB18427EE400ED9F4B /* Default@2x.png */; };
		11AC53EF18427EE400ED9F4B /* Default.png in Resources */ = {isa = PBXBuildFile; fileRef = 11AC53EC18427EE400ED9F4B /* Default.png */; };
		11AC541118428B9000ED9F4B /* webView.html in Resources */ = {isa = PBXBuildFile; fileRef = 11AC541018428B9000ED9F4B /* webView.html */; };
		11AC54131845313300ED9F4B /* webViewPlain.html in Resources */ = {isa = PBXBuildFile; fileRef = 11AC54121845313300ED9F4B /* webViewPlain.html */; };
		11AC54151845350900ED9F4B /* webViewAbout.html in Resources */ = {isa = PBXBuildFile; fileRef = 11AC54141845350900ED9F4B /* webViewAbout.html */; };
		11AC541818453E4000ED9F4B /* AboutLinkViewController.m in Sources */ = {isa = PBXBuildFile; fileRef = 11AC541718453E4000ED9F4B /* AboutLinkViewController.m */; };
		1E3DE96918158E7F00777D09 /* CoreData.framework in Frameworks */ = {isa = PBXBuildFile; fileRef = 1E3DE96818158E7F00777D09 /* CoreData.framework */; };
		1E3DE96B1815D9EE00777D09 /* MobileCoreServices.framework in Frameworks */ = {isa = PBXBuildFile; fileRef = 1E3DE96A1815D9EE00777D09 /* MobileCoreServices.framework */; };
		1E3DE96D1815DA3600777D09 /* SystemConfiguration.framework in Frameworks */ = {isa = PBXBuildFile; fileRef = 1E3DE96C1815DA3600777D09 /* SystemConfiguration.framework */; };
		1EC067201811E57200003F8E /* Recipe.m in Sources */ = {isa = PBXBuildFile; fileRef = 1EC0671F1811E57200003F8E /* Recipe.m */; };
		1EC067231811E57A00003F8E /* _Recipe.m in Sources */ = {isa = PBXBuildFile; fileRef = 1EC067221811E57A00003F8E /* _Recipe.m */; };
		1EE828C1180D853E0006264E /* Foundation.framework in Frameworks */ = {isa = PBXBuildFile; fileRef = 1EE828C0180D853E0006264E /* Foundation.framework */; };
		1EE828C3180D853E0006264E /* CoreGraphics.framework in Frameworks */ = {isa = PBXBuildFile; fileRef = 1EE828C2180D853E0006264E /* CoreGraphics.framework */; };
		1EE828C5180D853E0006264E /* UIKit.framework in Frameworks */ = {isa = PBXBuildFile; fileRef = 1EE828C4180D853E0006264E /* UIKit.framework */; };
		1EE828CB180D853E0006264E /* InfoPlist.strings in Resources */ = {isa = PBXBuildFile; fileRef = 1EE828C9180D853E0006264E /* InfoPlist.strings */; };
		1EE828CD180D853E0006264E /* main.m in Sources */ = {isa = PBXBuildFile; fileRef = 1EE828CC180D853E0006264E /* main.m */; };
		1EE828D1180D853E0006264E /* AppDelegate.m in Sources */ = {isa = PBXBuildFile; fileRef = 1EE828D0180D853E0006264E /* AppDelegate.m */; };
		1EE828D4180D853E0006264E /* Main.storyboard in Resources */ = {isa = PBXBuildFile; fileRef = 1EE828D2180D853E0006264E /* Main.storyboard */; };
		1EE828DC180D853E0006264E /* Images.xcassets in Resources */ = {isa = PBXBuildFile; fileRef = 1EE828DB180D853E0006264E /* Images.xcassets */; };
		1EE828E3180D853E0006264E /* XCTest.framework in Frameworks */ = {isa = PBXBuildFile; fileRef = 1EE828E2180D853E0006264E /* XCTest.framework */; };
		1EE828E4180D853E0006264E /* Foundation.framework in Frameworks */ = {isa = PBXBuildFile; fileRef = 1EE828C0180D853E0006264E /* Foundation.framework */; };
		1EE828E5180D853E0006264E /* UIKit.framework in Frameworks */ = {isa = PBXBuildFile; fileRef = 1EE828C4180D853E0006264E /* UIKit.framework */; };
		1EE828ED180D853E0006264E /* InfoPlist.strings in Resources */ = {isa = PBXBuildFile; fileRef = 1EE828EB180D853E0006264E /* InfoPlist.strings */; };
		1EE828EF180D853E0006264E /* DorothyParkerTests.m in Sources */ = {isa = PBXBuildFile; fileRef = 1EE828EE180D853E0006264E /* DorothyParkerTests.m */; };
		1EE8290A180DC8FC0006264E /* RecipeDetailViewController.m in Sources */ = {isa = PBXBuildFile; fileRef = 1EE82907180DC8FC0006264E /* RecipeDetailViewController.m */; };
		1EE8290B180DC8FC0006264E /* RecipeTableViewController.m in Sources */ = {isa = PBXBuildFile; fileRef = 1EE82909180DC8FC0006264E /* RecipeTableViewController.m */; };
		1EE82910180DCF7D0006264E /* temp.png in Resources */ = {isa = PBXBuildFile; fileRef = 1EE8290F180DCF7D0006264E /* temp.png */; };
		1EEA2CF818118C540020A575 /* UIScreen+Retina.m in Sources */ = {isa = PBXBuildFile; fileRef = 1EEA2CF718118C540020A575 /* UIScreen+Retina.m */; };
		1EEA2D061811C7C20020A575 /* Model.xcdatamodeld in Sources */ = {isa = PBXBuildFile; fileRef = 1EEA2D041811C7C20020A575 /* Model.xcdatamodeld */; };
		80D3EF2714564B84B5498DE6 /* libPods.a in Frameworks */ = {isa = PBXBuildFile; fileRef = B465B9DEE031471597507A2B /* libPods.a */; };
/* End PBXBuildFile section */

/* Begin PBXContainerItemProxy section */
		1EE828E6180D853E0006264E /* PBXContainerItemProxy */ = {
			isa = PBXContainerItemProxy;
			containerPortal = 1EE828B5180D853E0006264E /* Project object */;
			proxyType = 1;
			remoteGlobalIDString = 1EE828BC180D853E0006264E;
			remoteInfo = DorothyParker;
		};
/* End PBXContainerItemProxy section */

/* Begin PBXFileReference section */
		115EED0D183053140017858B /* novellabold.ttf */ = {isa = PBXFileReference; lastKnownFileType = file; path = novellabold.ttf; sourceTree = "<group>"; };
		118863EF18393DFA007F7EBC /* tabbar_tips.png */ = {isa = PBXFileReference; lastKnownFileType = image.png; name = tabbar_tips.png; path = images/tabbar_tips.png; sourceTree = "<group>"; };
		118863F018393DFA007F7EBC /* tabbar_about.png */ = {isa = PBXFileReference; lastKnownFileType = image.png; name = tabbar_about.png; path = images/tabbar_about.png; sourceTree = "<group>"; };
		118863F118393DFA007F7EBC /* tabbar_roundtable.png */ = {isa = PBXFileReference; lastKnownFileType = image.png; name = tabbar_roundtable.png; path = images/tabbar_roundtable.png; sourceTree = "<group>"; };
		118863F218393DFA007F7EBC /* tabbar_dorothy.png */ = {isa = PBXFileReference; lastKnownFileType = image.png; name = tabbar_dorothy.png; path = images/tabbar_dorothy.png; sourceTree = "<group>"; };
		118863F318393DFA007F7EBC /* tabbar_recipes.png */ = {isa = PBXFileReference; lastKnownFileType = image.png; name = tabbar_recipes.png; path = images/tabbar_recipes.png; sourceTree = "<group>"; };
		118863F418393DFA007F7EBC /* tabbar_recipes@2x.png */ = {isa = PBXFileReference; lastKnownFileType = image.png; name = "tabbar_recipes@2x.png"; path = "images/tabbar_recipes@2x.png"; sourceTree = "<group>"; };
		118863F518393DFA007F7EBC /* tabbar_dorothy@2x.png */ = {isa = PBXFileReference; lastKnownFileType = image.png; name = "tabbar_dorothy@2x.png"; path = "images/tabbar_dorothy@2x.png"; sourceTree = "<group>"; };
		118863F618393DFA007F7EBC /* tabbar_roundtable@2x.png */ = {isa = PBXFileReference; lastKnownFileType = image.png; name = "tabbar_roundtable@2x.png"; path = "images/tabbar_roundtable@2x.png"; sourceTree = "<group>"; };
		118863F718393DFA007F7EBC /* tabbar_about@2x.png */ = {isa = PBXFileReference; lastKnownFileType = image.png; name = "tabbar_about@2x.png"; path = "images/tabbar_about@2x.png"; sourceTree = "<group>"; };
		118863F818393DFA007F7EBC /* tabbar_tips@2x.png */ = {isa = PBXFileReference; lastKnownFileType = image.png; name = "tabbar_tips@2x.png"; path = "images/tabbar_tips@2x.png"; sourceTree = "<group>"; };
		11AC53D3183EBF1400ED9F4B /* DorothyViewController.h */ = {isa = PBXFileReference; fileEncoding = 4; lastKnownFileType = sourcecode.c.h; name = DorothyViewController.h; path = "Dorothy Parker/DorothyViewController.h"; sourceTree = "<group>"; };
		11AC53D4183EBF1400ED9F4B /* DorothyViewController.m */ = {isa = PBXFileReference; fileEncoding = 4; lastKnownFileType = sourcecode.c.objc; name = DorothyViewController.m; path = "Dorothy Parker/DorothyViewController.m"; sourceTree = "<group>"; };
		11AC53D9183F050700ED9F4B /* TipsViewController.h */ = {isa = PBXFileReference; fileEncoding = 4; lastKnownFileType = sourcecode.c.h; name = TipsViewController.h; path = Tips/TipsViewController.h; sourceTree = "<group>"; };
		11AC53DA183F050700ED9F4B /* TipsViewController.m */ = {isa = PBXFileReference; fileEncoding = 4; lastKnownFileType = sourcecode.c.objc; name = TipsViewController.m; path = Tips/TipsViewController.m; sourceTree = "<group>"; };
		11AC53DC183F08BC00ED9F4B /* AlgonquinViewController.h */ = {isa = PBXFileReference; fileEncoding = 4; lastKnownFileType = sourcecode.c.h; name = AlgonquinViewController.h; path = Algonquin/AlgonquinViewController.h; sourceTree = "<group>"; };
		11AC53DD183F08BC00ED9F4B /* AlgonquinViewController.m */ = {isa = PBXFileReference; fileEncoding = 4; lastKnownFileType = sourcecode.c.objc; name = AlgonquinViewController.m; path = Algonquin/AlgonquinViewController.m; sourceTree = "<group>"; };
		11AC53DF183F0F0100ED9F4B /* AboutViewController.h */ = {isa = PBXFileReference; fileEncoding = 4; lastKnownFileType = sourcecode.c.h; name = AboutViewController.h; path = About/AboutViewController.h; sourceTree = "<group>"; };
		11AC53E0183F0F0100ED9F4B /* AboutViewController.m */ = {isa = PBXFileReference; fileEncoding = 4; lastKnownFileType = sourcecode.c.objc; name = AboutViewController.m; path = About/AboutViewController.m; sourceTree = "<group>"; };
		11AC53E21842665800ED9F4B /* recipeWebView.html */ = {isa = PBXFileReference; fileEncoding = 4; lastKnownFileType = text.html; path = recipeWebView.html; sourceTree = "<group>"; };
		11AC53EA18427EE400ED9F4B /* Default-568h@2x.png */ = {isa = PBXFileReference; lastKnownFileType = image.png; path = "Default-568h@2x.png"; sourceTree = "<group>"; };
		11AC53EB18427EE400ED9F4B /* Default@2x.png */ = {isa = PBXFileReference; lastKnownFileType = image.png; path = "Default@2x.png"; sourceTree = "<group>"; };
		11AC53EC18427EE400ED9F4B /* Default.png */ = {isa = PBXFileReference; lastKnownFileType = image.png; path = Default.png; sourceTree = "<group>"; };
		11AC541018428B9000ED9F4B /* webView.html */ = {isa = PBXFileReference; fileEncoding = 4; lastKnownFileType = text.html; path = webView.html; sourceTree = "<group>"; };
		11AC54121845313300ED9F4B /* webViewPlain.html */ = {isa = PBXFileReference; fileEncoding = 4; lastKnownFileType = text.html; path = webViewPlain.html; sourceTree = "<group>"; };
		11AC54141845350900ED9F4B /* webViewAbout.html */ = {isa = PBXFileReference; fileEncoding = 4; lastKnownFileType = text.html; path = webViewAbout.html; sourceTree = "<group>"; };
		11AC541618453E4000ED9F4B /* AboutLinkViewController.h */ = {isa = PBXFileReference; fileEncoding = 4; lastKnownFileType = sourcecode.c.h; name = AboutLinkViewController.h; path = About/AboutLinkViewController.h; sourceTree = "<group>"; };
		11AC541718453E4000ED9F4B /* AboutLinkViewController.m */ = {isa = PBXFileReference; fileEncoding = 4; lastKnownFileType = sourcecode.c.objc; name = AboutLinkViewController.m; path = About/AboutLinkViewController.m; sourceTree = "<group>"; };
		1E3DE96818158E7F00777D09 /* CoreData.framework */ = {isa = PBXFileReference; lastKnownFileType = wrapper.framework; name = CoreData.framework; path = System/Library/Frameworks/CoreData.framework; sourceTree = SDKROOT; };
		1E3DE96A1815D9EE00777D09 /* MobileCoreServices.framework */ = {isa = PBXFileReference; lastKnownFileType = wrapper.framework; name = MobileCoreServices.framework; path = System/Library/Frameworks/MobileCoreServices.framework; sourceTree = SDKROOT; };
		1E3DE96C1815DA3600777D09 /* SystemConfiguration.framework */ = {isa = PBXFileReference; lastKnownFileType = wrapper.framework; name = SystemConfiguration.framework; path = System/Library/Frameworks/SystemConfiguration.framework; sourceTree = SDKROOT; };
		1EC0671E1811E57200003F8E /* Recipe.h */ = {isa = PBXFileReference; fileEncoding = 4; lastKnownFileType = sourcecode.c.h; path = Recipe.h; sourceTree = "<group>"; };
		1EC0671F1811E57200003F8E /* Recipe.m */ = {isa = PBXFileReference; fileEncoding = 4; lastKnownFileType = sourcecode.c.objc; path = Recipe.m; sourceTree = "<group>"; };
		1EC067211811E57A00003F8E /* _Recipe.h */ = {isa = PBXFileReference; fileEncoding = 4; lastKnownFileType = sourcecode.c.h; path = _Recipe.h; sourceTree = "<group>"; };
		1EC067221811E57A00003F8E /* _Recipe.m */ = {isa = PBXFileReference; fileEncoding = 4; lastKnownFileType = sourcecode.c.objc; path = _Recipe.m; sourceTree = "<group>"; };
		1EE828BD180D853E0006264E /* UnderTheTable.app */ = {isa = PBXFileReference; explicitFileType = wrapper.application; includeInIndex = 0; path = UnderTheTable.app; sourceTree = BUILT_PRODUCTS_DIR; };
		1EE828C0180D853E0006264E /* Foundation.framework */ = {isa = PBXFileReference; lastKnownFileType = wrapper.framework; name = Foundation.framework; path = System/Library/Frameworks/Foundation.framework; sourceTree = SDKROOT; };
		1EE828C2180D853E0006264E /* CoreGraphics.framework */ = {isa = PBXFileReference; lastKnownFileType = wrapper.framework; name = CoreGraphics.framework; path = System/Library/Frameworks/CoreGraphics.framework; sourceTree = SDKROOT; };
		1EE828C4180D853E0006264E /* UIKit.framework */ = {isa = PBXFileReference; lastKnownFileType = wrapper.framework; name = UIKit.framework; path = System/Library/Frameworks/UIKit.framework; sourceTree = SDKROOT; };
		1EE828C8180D853E0006264E /* DorothyParker-Info.plist */ = {isa = PBXFileReference; lastKnownFileType = text.plist.xml; path = "DorothyParker-Info.plist"; sourceTree = "<group>"; };
		1EE828CA180D853E0006264E /* en */ = {isa = PBXFileReference; lastKnownFileType = text.plist.strings; name = en; path = en.lproj/InfoPlist.strings; sourceTree = "<group>"; };
		1EE828CC180D853E0006264E /* main.m */ = {isa = PBXFileReference; lastKnownFileType = sourcecode.c.objc; path = main.m; sourceTree = "<group>"; };
		1EE828CE180D853E0006264E /* DorothyParker-Prefix.pch */ = {isa = PBXFileReference; lastKnownFileType = sourcecode.c.h; path = "DorothyParker-Prefix.pch"; sourceTree = "<group>"; };
		1EE828CF180D853E0006264E /* AppDelegate.h */ = {isa = PBXFileReference; lastKnownFileType = sourcecode.c.h; path = AppDelegate.h; sourceTree = "<group>"; };
		1EE828D0180D853E0006264E /* AppDelegate.m */ = {isa = PBXFileReference; lastKnownFileType = sourcecode.c.objc; path = AppDelegate.m; sourceTree = "<group>"; };
		1EE828D3180D853E0006264E /* Base */ = {isa = PBXFileReference; lastKnownFileType = file.storyboard; name = Base; path = Base.lproj/Main.storyboard; sourceTree = "<group>"; };
		1EE828DB180D853E0006264E /* Images.xcassets */ = {isa = PBXFileReference; lastKnownFileType = folder.assetcatalog; path = Images.xcassets; sourceTree = "<group>"; };
		1EE828E1180D853E0006264E /* DorothyParkerTests.xctest */ = {isa = PBXFileReference; explicitFileType = wrapper.cfbundle; includeInIndex = 0; path = DorothyParkerTests.xctest; sourceTree = BUILT_PRODUCTS_DIR; };
		1EE828E2180D853E0006264E /* XCTest.framework */ = {isa = PBXFileReference; lastKnownFileType = wrapper.framework; name = XCTest.framework; path = Library/Frameworks/XCTest.framework; sourceTree = DEVELOPER_DIR; };
		1EE828EA180D853E0006264E /* DorothyParkerTests-Info.plist */ = {isa = PBXFileReference; lastKnownFileType = text.plist.xml; path = "DorothyParkerTests-Info.plist"; sourceTree = "<group>"; };
		1EE828EC180D853E0006264E /* en */ = {isa = PBXFileReference; lastKnownFileType = text.plist.strings; name = en; path = en.lproj/InfoPlist.strings; sourceTree = "<group>"; };
		1EE828EE180D853E0006264E /* DorothyParkerTests.m */ = {isa = PBXFileReference; lastKnownFileType = sourcecode.c.objc; path = DorothyParkerTests.m; sourceTree = "<group>"; };
		1EE82906180DC8FC0006264E /* RecipeDetailViewController.h */ = {isa = PBXFileReference; fileEncoding = 4; lastKnownFileType = sourcecode.c.h; name = RecipeDetailViewController.h; path = Recipe/RecipeDetailViewController.h; sourceTree = "<group>"; };
		1EE82907180DC8FC0006264E /* RecipeDetailViewController.m */ = {isa = PBXFileReference; fileEncoding = 4; lastKnownFileType = sourcecode.c.objc; name = RecipeDetailViewController.m; path = Recipe/RecipeDetailViewController.m; sourceTree = "<group>"; };
		1EE82908180DC8FC0006264E /* RecipeTableViewController.h */ = {isa = PBXFileReference; fileEncoding = 4; lastKnownFileType = sourcecode.c.h; name = RecipeTableViewController.h; path = Recipe/RecipeTableViewController.h; sourceTree = "<group>"; };
		1EE82909180DC8FC0006264E /* RecipeTableViewController.m */ = {isa = PBXFileReference; fileEncoding = 4; lastKnownFileType = sourcecode.c.objc; name = RecipeTableViewController.m; path = Recipe/RecipeTableViewController.m; sourceTree = "<group>"; };
		1EE8290F180DCF7D0006264E /* temp.png */ = {isa = PBXFileReference; lastKnownFileType = image.png; path = temp.png; sourceTree = "<group>"; };
		1EEA2CF618118C540020A575 /* UIScreen+Retina.h */ = {isa = PBXFileReference; fileEncoding = 4; lastKnownFileType = sourcecode.c.h; path = "UIScreen+Retina.h"; sourceTree = "<group>"; };
		1EEA2CF718118C540020A575 /* UIScreen+Retina.m */ = {isa = PBXFileReference; fileEncoding = 4; lastKnownFileType = sourcecode.c.objc; path = "UIScreen+Retina.m"; sourceTree = "<group>"; };
		1EEA2D051811C7C20020A575 /* Model.xcdatamodel */ = {isa = PBXFileReference; lastKnownFileType = wrapper.xcdatamodel; path = Model.xcdatamodel; sourceTree = "<group>"; };
		33CBE46D58E3412783226F0A /* Pods.xcconfig */ = {isa = PBXFileReference; includeInIndex = 1; lastKnownFileType = text.xcconfig; name = Pods.xcconfig; path = Pods/Pods.xcconfig; sourceTree = "<group>"; };
		B465B9DEE031471597507A2B /* libPods.a */ = {isa = PBXFileReference; explicitFileType = archive.ar; includeInIndex = 0; path = libPods.a; sourceTree = BUILT_PRODUCTS_DIR; };
/* End PBXFileReference section */

/* Begin PBXFrameworksBuildPhase section */
		1EE828BA180D853E0006264E /* Frameworks */ = {
			isa = PBXFrameworksBuildPhase;
			buildActionMask = 2147483647;
			files = (
				1E3DE96D1815DA3600777D09 /* SystemConfiguration.framework in Frameworks */,
				1E3DE96B1815D9EE00777D09 /* MobileCoreServices.framework in Frameworks */,
				1E3DE96918158E7F00777D09 /* CoreData.framework in Frameworks */,
				1EE828C3180D853E0006264E /* CoreGraphics.framework in Frameworks */,
				1EE828C5180D853E0006264E /* UIKit.framework in Frameworks */,
				1EE828C1180D853E0006264E /* Foundation.framework in Frameworks */,
				80D3EF2714564B84B5498DE6 /* libPods.a in Frameworks */,
			);
			runOnlyForDeploymentPostprocessing = 0;
		};
		1EE828DE180D853E0006264E /* Frameworks */ = {
			isa = PBXFrameworksBuildPhase;
			buildActionMask = 2147483647;
			files = (
				1EE828E3180D853E0006264E /* XCTest.framework in Frameworks */,
				1EE828E5180D853E0006264E /* UIKit.framework in Frameworks */,
				1EE828E4180D853E0006264E /* Foundation.framework in Frameworks */,
			);
			runOnlyForDeploymentPostprocessing = 0;
		};
/* End PBXFrameworksBuildPhase section */

/* Begin PBXGroup section */
		115EECF2183010C60017858B /* images */ = {
			isa = PBXGroup;
			children = (
				118863EF18393DFA007F7EBC /* tabbar_tips.png */,
				118863F018393DFA007F7EBC /* tabbar_about.png */,
				118863F118393DFA007F7EBC /* tabbar_roundtable.png */,
				118863F218393DFA007F7EBC /* tabbar_dorothy.png */,
				118863F318393DFA007F7EBC /* tabbar_recipes.png */,
				118863F418393DFA007F7EBC /* tabbar_recipes@2x.png */,
				118863F518393DFA007F7EBC /* tabbar_dorothy@2x.png */,
				118863F618393DFA007F7EBC /* tabbar_roundtable@2x.png */,
				118863F718393DFA007F7EBC /* tabbar_about@2x.png */,
				118863F818393DFA007F7EBC /* tabbar_tips@2x.png */,
			);
			name = images;
			sourceTree = "<group>";
		};
		1188640318394161007F7EBC /* fonts */ = {
			isa = PBXGroup;
			children = (
			);
			name = fonts;
			sourceTree = "<group>";
		};
		1EC0671C1811DE6B00003F8E /* Human */ = {
			isa = PBXGroup;
			children = (
				1EC0671E1811E57200003F8E /* Recipe.h */,
				1EC0671F1811E57200003F8E /* Recipe.m */,
			);
			path = Human;
			sourceTree = "<group>";
		};
		1EC0671D1811DE6B00003F8E /* Machine */ = {
			isa = PBXGroup;
			children = (
				1EC067211811E57A00003F8E /* _Recipe.h */,
				1EC067221811E57A00003F8E /* _Recipe.m */,
			);
			path = Machine;
			sourceTree = "<group>";
		};
		1EE828B4180D853E0006264E = {
			isa = PBXGroup;
			children = (
				1EE828C6180D853E0006264E /* DorothyParker */,
				1EE828E8180D853E0006264E /* DorothyParkerTests */,
				1EE828BF180D853E0006264E /* Frameworks */,
				1EE828BE180D853E0006264E /* Products */,
				33CBE46D58E3412783226F0A /* Pods.xcconfig */,
			);
			sourceTree = "<group>";
		};
		1EE828BE180D853E0006264E /* Products */ = {
			isa = PBXGroup;
			children = (
				1EE828BD180D853E0006264E /* UnderTheTable.app */,
				1EE828E1180D853E0006264E /* DorothyParkerTests.xctest */,
			);
			name = Products;
			sourceTree = "<group>";
		};
		1EE828BF180D853E0006264E /* Frameworks */ = {
			isa = PBXGroup;
			children = (
				1E3DE96C1815DA3600777D09 /* SystemConfiguration.framework */,
				1E3DE96A1815D9EE00777D09 /* MobileCoreServices.framework */,
				1E3DE96818158E7F00777D09 /* CoreData.framework */,
				1EE828C0180D853E0006264E /* Foundation.framework */,
				1EE828C2180D853E0006264E /* CoreGraphics.framework */,
				1EE828C4180D853E0006264E /* UIKit.framework */,
				1EE828E2180D853E0006264E /* XCTest.framework */,
				B465B9DEE031471597507A2B /* libPods.a */,
			);
			name = Frameworks;
			sourceTree = "<group>";
		};
		1EE828C6180D853E0006264E /* DorothyParker */ = {
			isa = PBXGroup;
			children = (
				1EEA2D031811C7A10020A575 /* CoreData */,
				1EE8291118104E0E0006264E /* Categories */,
				1EE8290F180DCF7D0006264E /* temp.png */,
				1EE828FE180D8DC80006264E /* Recipe */,
				1EE828FF180D8EBE0006264E /* Tips */,
				1EE82900180D8ED30006264E /* Dorothy Parker */,
				1EE82901180D8EFE0006264E /* Algonquin */,
				1EE82902180D8F140006264E /* About */,
				1EE828D0180D853E0006264E /* AppDelegate.m */,
				1EE828CF180D853E0006264E /* AppDelegate.h */,
				1EE828D2180D853E0006264E /* Main.storyboard */,
				1EE828DB180D853E0006264E /* Images.xcassets */,
				1EE828C7180D853E0006264E /* Supporting Files */,
			);
			path = DorothyParker;
			sourceTree = "<group>";
		};
		1EE828C7180D853E0006264E /* Supporting Files */ = {
			isa = PBXGroup;
			children = (
				11AC53EA18427EE400ED9F4B /* Default-568h@2x.png */,
				11AC53EB18427EE400ED9F4B /* Default@2x.png */,
				11AC53EC18427EE400ED9F4B /* Default.png */,
				11AC54121845313300ED9F4B /* webViewPlain.html */,
				11AC541018428B9000ED9F4B /* webView.html */,
				11AC54141845350900ED9F4B /* webViewAbout.html */,
				11AC53E21842665800ED9F4B /* recipeWebView.html */,
				115EED0D183053140017858B /* novellabold.ttf */,
				1188640318394161007F7EBC /* fonts */,
				115EECF2183010C60017858B /* images */,
				1EE828C8180D853E0006264E /* DorothyParker-Info.plist */,
				1EE828C9180D853E0006264E /* InfoPlist.strings */,
				1EE828CC180D853E0006264E /* main.m */,
				1EE828CE180D853E0006264E /* DorothyParker-Prefix.pch */,
			);
			name = "Supporting Files";
			sourceTree = "<group>";
		};
		1EE828E8180D853E0006264E /* DorothyParkerTests */ = {
			isa = PBXGroup;
			children = (
				1EE828EE180D853E0006264E /* DorothyParkerTests.m */,
				1EE828E9180D853E0006264E /* Supporting Files */,
			);
			path = DorothyParkerTests;
			sourceTree = "<group>";
		};
		1EE828E9180D853E0006264E /* Supporting Files */ = {
			isa = PBXGroup;
			children = (
				1EE828EA180D853E0006264E /* DorothyParkerTests-Info.plist */,
				1EE828EB180D853E0006264E /* InfoPlist.strings */,
			);
			name = "Supporting Files";
			sourceTree = "<group>";
		};
		1EE828FE180D8DC80006264E /* Recipe */ = {
			isa = PBXGroup;
			children = (
				1EE82906180DC8FC0006264E /* RecipeDetailViewController.h */,
				1EE82907180DC8FC0006264E /* RecipeDetailViewController.m */,
				1EE82908180DC8FC0006264E /* RecipeTableViewController.h */,
				1EE82909180DC8FC0006264E /* RecipeTableViewController.m */,
			);
			name = Recipe;
			sourceTree = "<group>";
		};
		1EE828FF180D8EBE0006264E /* Tips */ = {
			isa = PBXGroup;
			children = (
				11AC53D9183F050700ED9F4B /* TipsViewController.h */,
				11AC53DA183F050700ED9F4B /* TipsViewController.m */,
			);
			name = Tips;
			sourceTree = "<group>";
		};
		1EE82900180D8ED30006264E /* Dorothy Parker */ = {
			isa = PBXGroup;
			children = (
				11AC53D3183EBF1400ED9F4B /* DorothyViewController.h */,
				11AC53D4183EBF1400ED9F4B /* DorothyViewController.m */,
			);
			name = "Dorothy Parker";
			sourceTree = "<group>";
		};
		1EE82901180D8EFE0006264E /* Algonquin */ = {
			isa = PBXGroup;
			children = (
				11AC53DC183F08BC00ED9F4B /* AlgonquinViewController.h */,
				11AC53DD183F08BC00ED9F4B /* AlgonquinViewController.m */,
			);
			name = Algonquin;
			sourceTree = "<group>";
		};
		1EE82902180D8F140006264E /* About */ = {
			isa = PBXGroup;
			children = (
				11AC53DF183F0F0100ED9F4B /* AboutViewController.h */,
				11AC53E0183F0F0100ED9F4B /* AboutViewController.m */,
				11AC541618453E4000ED9F4B /* AboutLinkViewController.h */,
				11AC541718453E4000ED9F4B /* AboutLinkViewController.m */,
			);
			name = About;
			sourceTree = "<group>";
		};
		1EE8291118104E0E0006264E /* Categories */ = {
			isa = PBXGroup;
			children = (
				1EEA2CF618118C540020A575 /* UIScreen+Retina.h */,
				1EEA2CF718118C540020A575 /* UIScreen+Retina.m */,
			);
			path = Categories;
			sourceTree = "<group>";
		};
		1EEA2D031811C7A10020A575 /* CoreData */ = {
			isa = PBXGroup;
			children = (
				1EC0671C1811DE6B00003F8E /* Human */,
				1EC0671D1811DE6B00003F8E /* Machine */,
				1EEA2D041811C7C20020A575 /* Model.xcdatamodeld */,
			);
			path = CoreData;
			sourceTree = "<group>";
		};
/* End PBXGroup section */

/* Begin PBXNativeTarget section */
		1EE828BC180D853E0006264E /* DorothyParker */ = {
			isa = PBXNativeTarget;
			buildConfigurationList = 1EE828F2180D853F0006264E /* Build configuration list for PBXNativeTarget "DorothyParker" */;
			buildPhases = (
				82F7CEA48CA445A3B472741D /* Check Pods Manifest.lock */,
				1EE828B9180D853E0006264E /* Sources */,
				1EE828BA180D853E0006264E /* Frameworks */,
				1EE828BB180D853E0006264E /* Resources */,
				C417ED89EA1E4266891913DC /* Copy Pods Resources */,
				1EC0671B1811DA1B00003F8E /* ShellScript */,
			);
			buildRules = (
			);
			dependencies = (
			);
			name = DorothyParker;
			productName = DorothyParker;
			productReference = 1EE828BD180D853E0006264E /* UnderTheTable.app */;
			productType = "com.apple.product-type.application";
		};
		1EE828E0180D853E0006264E /* DorothyParkerTests */ = {
			isa = PBXNativeTarget;
			buildConfigurationList = 1EE828F5180D853F0006264E /* Build configuration list for PBXNativeTarget "DorothyParkerTests" */;
			buildPhases = (
				1EE828DD180D853E0006264E /* Sources */,
				1EE828DE180D853E0006264E /* Frameworks */,
				1EE828DF180D853E0006264E /* Resources */,
			);
			buildRules = (
			);
			dependencies = (
				1EE828E7180D853E0006264E /* PBXTargetDependency */,
			);
			name = DorothyParkerTests;
			productName = DorothyParkerTests;
			productReference = 1EE828E1180D853E0006264E /* DorothyParkerTests.xctest */;
			productType = "com.apple.product-type.bundle.unit-test";
		};
/* End PBXNativeTarget section */

/* Begin PBXProject section */
		1EE828B5180D853E0006264E /* Project object */ = {
			isa = PBXProject;
			attributes = {
				LastUpgradeCheck = 0500;
				ORGANIZATIONNAME = "Janice Garingo";
				TargetAttributes = {
					1EE828BC180D853E0006264E = {
						DevelopmentTeam = S8GR8JX55G;
					};
					1EE828E0180D853E0006264E = {
						TestTargetID = 1EE828BC180D853E0006264E;
					};
				};
			};
			buildConfigurationList = 1EE828B8180D853E0006264E /* Build configuration list for PBXProject "DorothyParker" */;
			compatibilityVersion = "Xcode 3.2";
			developmentRegion = English;
			hasScannedForEncodings = 0;
			knownRegions = (
				en,
				Base,
			);
			mainGroup = 1EE828B4180D853E0006264E;
			productRefGroup = 1EE828BE180D853E0006264E /* Products */;
			projectDirPath = "";
			projectRoot = "";
			targets = (
				1EE828BC180D853E0006264E /* DorothyParker */,
				1EE828E0180D853E0006264E /* DorothyParkerTests */,
				1EC0672418157E8000003F8E /* Mogenerator */,
			);
		};
/* End PBXProject section */

/* Begin PBXResourcesBuildPhase section */
		1EE828BB180D853E0006264E /* Resources */ = {
			isa = PBXResourcesBuildPhase;
			buildActionMask = 2147483647;
			files = (
				1EE828DC180D853E0006264E /* Images.xcassets in Resources */,
				118863F918393DFA007F7EBC /* tabbar_tips.png in Resources */,
				1EE82910180DCF7D0006264E /* temp.png in Resources */,
				118863FD18393DFA007F7EBC /* tabbar_recipes.png in Resources */,
				11AC541118428B9000ED9F4B /* webView.html in Resources */,
				118863FB18393DFA007F7EBC /* tabbar_roundtable.png in Resources */,
				118863FC18393DFA007F7EBC /* tabbar_dorothy.png in Resources */,
				1EE828CB180D853E0006264E /* InfoPlist.strings in Resources */,
				11AC54131845313300ED9F4B /* webViewPlain.html in Resources */,
				115EED0E183053140017858B /* novellabold.ttf in Resources */,
				11AC54151845350900ED9F4B /* webViewAbout.html in Resources */,
				11AC53ED18427EE400ED9F4B /* Default-568h@2x.png in Resources */,
				11AC53E31842665800ED9F4B /* recipeWebView.html in Resources */,
				118863FA18393DFA007F7EBC /* tabbar_about.png in Resources */,
				11AC53EF18427EE400ED9F4B /* Default.png in Resources */,
				1EE828D4180D853E0006264E /* Main.storyboard in Resources */,
				11AC53EE18427EE400ED9F4B /* Default@2x.png in Resources */,
				1188640218393DFA007F7EBC /* tabbar_tips@2x.png in Resources */,
				1188640118393DFA007F7EBC /* tabbar_about@2x.png in Resources */,
				118863FF18393DFA007F7EBC /* tabbar_dorothy@2x.png in Resources */,
				1188640018393DFA007F7EBC /* tabbar_roundtable@2x.png in Resources */,
				118863FE18393DFA007F7EBC /* tabbar_recipes@2x.png in Resources */,
			);
			runOnlyForDeploymentPostprocessing = 0;
		};
		1EE828DF180D853E0006264E /* Resources */ = {
			isa = PBXResourcesBuildPhase;
			buildActionMask = 2147483647;
			files = (
				1EE828ED180D853E0006264E /* InfoPlist.strings in Resources */,
			);
			runOnlyForDeploymentPostprocessing = 0;
		};
/* End PBXResourcesBuildPhase section */

/* Begin PBXShellScriptBuildPhase section */
		1E3DE9661815832200777D09 /* ShellScript */ = {
			isa = PBXShellScriptBuildPhase;
			buildActionMask = 2147483647;
			files = (
			);
			inputPaths = (
			);
			outputPaths = (
			);
			runOnlyForDeploymentPostprocessing = 0;
			shellPath = /bin/sh;
			shellScript = "# Update the mogenerator files\ncd ${SRCROOT}/${PROJECT_NAME}\n/usr/bin/mogenerator --template-var arc=true -m ${PROJECT_DIR}/DorothyParker/CoreData/Model.xcdatamodeld/Model.xcdatamodel -M CoreData/Machine -H CoreData/Human";
		};
		1EC0671B1811DA1B00003F8E /* ShellScript */ = {
			isa = PBXShellScriptBuildPhase;
			buildActionMask = 2147483647;
			files = (
			);
			inputPaths = (
			);
			outputPaths = (
			);
			runOnlyForDeploymentPostprocessing = 0;
			shellPath = /bin/sh;
			shellScript = "

";
		};
		82F7CEA48CA445A3B472741D /* Check Pods Manifest.lock */ = {
			isa = PBXShellScriptBuildPhase;
			buildActionMask = 2147483647;
			files = (
			);
			inputPaths = (
			);
			name = "Check Pods Manifest.lock";
			outputPaths = (
			);
			runOnlyForDeploymentPostprocessing = 0;
			shellPath = /bin/sh;
			shellScript = "diff \"${PODS_ROOT}/../Podfile.lock\" \"${PODS_ROOT}/Manifest.lock\" > /dev/null\nif [[ $? != 0 ]] ; then\n    cat << EOM\nerror: The sandbox is not in sync with the Podfile.lock. Run 'pod install' or update your CocoaPods installation.\nEOM\n    exit 1\nfi\n";
			showEnvVarsInLog = 0;
		};
		C417ED89EA1E4266891913DC /* Copy Pods Resources */ = {
			isa = PBXShellScriptBuildPhase;
			buildActionMask = 2147483647;
			files = (
			);
			inputPaths = (
			);
			name = "Copy Pods Resources";
			outputPaths = (
			);
			runOnlyForDeploymentPostprocessing = 0;
			shellPath = /bin/sh;
			shellScript = "\"${SRCROOT}/Pods/Pods-resources.sh\"\n\n\n";
		};
/* End PBXShellScriptBuildPhase section */

/* Begin PBXSourcesBuildPhase section */
		1EE828B9180D853E0006264E /* Sources */ = {
			isa = PBXSourcesBuildPhase;
			buildActionMask = 2147483647;
			files = (
				1EE8290B180DC8FC0006264E /* RecipeTableViewController.m in Sources */,
				11AC53DE183F08BC00ED9F4B /* AlgonquinViewController.m in Sources */,
				1EE8290A180DC8FC0006264E /* RecipeDetailViewController.m in Sources */,
				1EC067201811E57200003F8E /* Recipe.m in Sources */,
				1EC067231811E57A00003F8E /* _Recipe.m in Sources */,
				11AC53DB183F050700ED9F4B /* TipsViewController.m in Sources */,
				11AC53E1183F0F0100ED9F4B /* AboutViewController.m in Sources */,
				11AC541818453E4000ED9F4B /* AboutLinkViewController.m in Sources */,
				1EEA2D061811C7C20020A575 /* Model.xcdatamodeld in Sources */,
				11AC53D5183EBF1400ED9F4B /* DorothyViewController.m in Sources */,
				1EE828D1180D853E0006264E /* AppDelegate.m in Sources */,
				1EEA2CF818118C540020A575 /* UIScreen+Retina.m in Sources */,
				1EE828CD180D853E0006264E /* main.m in Sources */,
			);
			runOnlyForDeploymentPostprocessing = 0;
		};
		1EE828DD180D853E0006264E /* Sources */ = {
			isa = PBXSourcesBuildPhase;
			buildActionMask = 2147483647;
			files = (
				1EE828EF180D853E0006264E /* DorothyParkerTests.m in Sources */,
			);
			runOnlyForDeploymentPostprocessing = 0;
		};
/* End PBXSourcesBuildPhase section */

/* Begin PBXTargetDependency section */
		1EE828E7180D853E0006264E /* PBXTargetDependency */ = {
			isa = PBXTargetDependency;
			target = 1EE828BC180D853E0006264E /* DorothyParker */;
			targetProxy = 1EE828E6180D853E0006264E /* PBXContainerItemProxy */;
		};
/* End PBXTargetDependency section */

/* Begin PBXVariantGroup section */
		1EE828C9180D853E0006264E /* InfoPlist.strings */ = {
			isa = PBXVariantGroup;
			children = (
				1EE828CA180D853E0006264E /* en */,
			);
			name = InfoPlist.strings;
			sourceTree = "<group>";
		};
		1EE828D2180D853E0006264E /* Main.storyboard */ = {
			isa = PBXVariantGroup;
			children = (
				1EE828D3180D853E0006264E /* Base */,
			);
			name = Main.storyboard;
			sourceTree = "<group>";
		};
		1EE828EB180D853E0006264E /* InfoPlist.strings */ = {
			isa = PBXVariantGroup;
			children = (
				1EE828EC180D853E0006264E /* en */,
			);
			name = InfoPlist.strings;
			sourceTree = "<group>";
		};
/* End PBXVariantGroup section */

/* Begin XCBuildConfiguration section */
		1EC0672618157E8000003F8E /* Debug */ = {
			isa = XCBuildConfiguration;
			buildSettings = {
				CODE_SIGN_IDENTITY = "";
				PRODUCT_NAME = "$(TARGET_NAME)";
			};
			name = Debug;
		};
		1EC0672718157E8000003F8E /* Release */ = {
			isa = XCBuildConfiguration;
			buildSettings = {
				CODE_SIGN_IDENTITY = "";
				PRODUCT_NAME = "$(TARGET_NAME)";
			};
			name = Release;
		};
		1EE828F0180D853E0006264E /* Debug */ = {
			isa = XCBuildConfiguration;
			buildSettings = {
				ALWAYS_SEARCH_USER_PATHS = NO;
				ARCHS = "$(ARCHS_STANDARD_INCLUDING_64_BIT)";
				CLANG_CXX_LANGUAGE_STANDARD = "gnu++0x";
				CLANG_CXX_LIBRARY = "libc++";
				CLANG_ENABLE_MODULES = YES;
				CLANG_ENABLE_OBJC_ARC = YES;
				CLANG_WARN_BOOL_CONVERSION = YES;
				CLANG_WARN_CONSTANT_CONVERSION = YES;
				CLANG_WARN_DIRECT_OBJC_ISA_USAGE = YES_ERROR;
				CLANG_WARN_EMPTY_BODY = YES;
				CLANG_WARN_ENUM_CONVERSION = YES;
				CLANG_WARN_INT_CONVERSION = YES;
				CLANG_WARN_OBJC_ROOT_CLASS = YES_ERROR;
				CLANG_WARN__DUPLICATE_METHOD_MATCH = YES;
				CODE_SIGN_IDENTITY = "iPhone Distribution: Janice Garingo (S8GR8JX55G)";
				"CODE_SIGN_IDENTITY[sdk=iphoneos*]" = "iPhone Distribution: Janice Garingo (S8GR8JX55G)";
				COPY_PHASE_STRIP = NO;
				GCC_C_LANGUAGE_STANDARD = gnu99;
				GCC_DYNAMIC_NO_PIC = NO;
				GCC_OPTIMIZATION_LEVEL = 0;
				GCC_PREPROCESSOR_DEFINITIONS = (
					"DEBUG=1",
					"$(inherited)",
				);
				GCC_SYMBOLS_PRIVATE_EXTERN = NO;
				GCC_WARN_64_TO_32_BIT_CONVERSION = YES;
				GCC_WARN_ABOUT_RETURN_TYPE = YES_ERROR;
				GCC_WARN_UNDECLARED_SELECTOR = YES;
				GCC_WARN_UNINITIALIZED_AUTOS = YES;
				GCC_WARN_UNUSED_FUNCTION = YES;
				GCC_WARN_UNUSED_VARIABLE = YES;
				IPHONEOS_DEPLOYMENT_TARGET = 7.0;
				ONLY_ACTIVE_ARCH = YES;
				PROVISIONING_PROFILE = "3941F451-AACF-4BAB-9488-6FB8B5A95021";
				SDKROOT = iphoneos;
			};
			name = Debug;
		};
		1EE828F1180D853E0006264E /* Release */ = {
			isa = XCBuildConfiguration;
			buildSettings = {
				ALWAYS_SEARCH_USER_PATHS = NO;
				ARCHS = "$(ARCHS_STANDARD_INCLUDING_64_BIT)";
				CLANG_CXX_LANGUAGE_STANDARD = "gnu++0x";
				CLANG_CXX_LIBRARY = "libc++";
				CLANG_ENABLE_MODULES = YES;
				CLANG_ENABLE_OBJC_ARC = YES;
				CLANG_WARN_BOOL_CONVERSION = YES;
				CLANG_WARN_CONSTANT_CONVERSION = YES;
				CLANG_WARN_DIRECT_OBJC_ISA_USAGE = YES_ERROR;
				CLANG_WARN_EMPTY_BODY = YES;
				CLANG_WARN_ENUM_CONVERSION = YES;
				CLANG_WARN_INT_CONVERSION = YES;
				CLANG_WARN_OBJC_ROOT_CLASS = YES_ERROR;
				CLANG_WARN__DUPLICATE_METHOD_MATCH = YES;
				CODE_SIGN_IDENTITY = "iPhone Distribution: Janice Garingo (S8GR8JX55G)";
				"CODE_SIGN_IDENTITY[sdk=iphoneos*]" = "iPhone Distribution: Janice Garingo (S8GR8JX55G)";
				COPY_PHASE_STRIP = YES;
				ENABLE_NS_ASSERTIONS = NO;
				GCC_C_LANGUAGE_STANDARD = gnu99;
				GCC_WARN_64_TO_32_BIT_CONVERSION = YES;
				GCC_WARN_ABOUT_RETURN_TYPE = YES_ERROR;
				GCC_WARN_UNDECLARED_SELECTOR = YES;
				GCC_WARN_UNINITIALIZED_AUTOS = YES;
				GCC_WARN_UNUSED_FUNCTION = YES;
				GCC_WARN_UNUSED_VARIABLE = YES;
				IPHONEOS_DEPLOYMENT_TARGET = 7.0;
				PROVISIONING_PROFILE = "3941F451-AACF-4BAB-9488-6FB8B5A95021";
				SDKROOT = iphoneos;
				VALIDATE_PRODUCT = YES;
			};
			name = Release;
		};
		1EE828F3180D853F0006264E /* Debug */ = {
			isa = XCBuildConfiguration;
			baseConfigurationReference = 33CBE46D58E3412783226F0A /* Pods.xcconfig */;
			buildSettings = {
				ASSETCATALOG_COMPILER_APPICON_NAME = AppIcon;
				ASSETCATALOG_COMPILER_LAUNCHIMAGE_NAME = LaunchImage;
				CODE_SIGN_IDENTITY = "iPhone Developer: Janice Garingo (5XQT72AUTL)";
				"CODE_SIGN_IDENTITY[sdk=iphoneos*]" = "iPhone Developer: Janice Garingo (5XQT72AUTL)";
				GCC_PRECOMPILE_PREFIX_HEADER = YES;
				GCC_PREFIX_HEADER = "DorothyParker/DorothyParker-Prefix.pch";
				INFOPLIST_FILE = "DorothyParker/DorothyParker-Info.plist";
				PRODUCT_NAME = UnderTheTable;
				PROVISIONING_PROFILE = "0231BCAF-E8B5-4466-B8A5-4DDA11C5F03C";
				WRAPPER_EXTENSION = app;
			};
			name = Debug;
		};
		1EE828F4180D853F0006264E /* Release */ = {
			isa = XCBuildConfiguration;
			baseConfigurationReference = 33CBE46D58E3412783226F0A /* Pods.xcconfig */;
			buildSettings = {
				ASSETCATALOG_COMPILER_APPICON_NAME = AppIcon;
				ASSETCATALOG_COMPILER_LAUNCHIMAGE_NAME = LaunchImage;
				CODE_SIGN_IDENTITY = "iPhone Developer: Janice Garingo (5XQT72AUTL)";
				"CODE_SIGN_IDENTITY[sdk=iphoneos*]" = "iPhone Developer: Janice Garingo (5XQT72AUTL)";
				GCC_PRECOMPILE_PREFIX_HEADER = YES;
				GCC_PREFIX_HEADER = "DorothyParker/DorothyParker-Prefix.pch";
				INFOPLIST_FILE = "DorothyParker/DorothyParker-Info.plist";
				PRODUCT_NAME = UnderTheTable;
				PROVISIONING_PROFILE = "0231BCAF-E8B5-4466-B8A5-4DDA11C5F03C";
				WRAPPER_EXTENSION = app;
			};
			name = Release;
		};
		1EE828F6180D853F0006264E /* Debug */ = {
			isa = XCBuildConfiguration;
			buildSettings = {
				ARCHS = "$(ARCHS_STANDARD_INCLUDING_64_BIT)";
				BUNDLE_LOADER = "$(BUILT_PRODUCTS_DIR)/UnderTheTable.app/UnderTheTable";
				CODE_SIGN_IDENTITY = "";
				FRAMEWORK_SEARCH_PATHS = (
					"$(SDKROOT)/Developer/Library/Frameworks",
					"$(inherited)",
					"$(DEVELOPER_FRAMEWORKS_DIR)",
				);
				GCC_PRECOMPILE_PREFIX_HEADER = YES;
				GCC_PREFIX_HEADER = "DorothyParker/DorothyParker-Prefix.pch";
				GCC_PREPROCESSOR_DEFINITIONS = (
					"DEBUG=1",
					"$(inherited)",
				);
				INFOPLIST_FILE = "DorothyParkerTests/DorothyParkerTests-Info.plist";
				PRODUCT_NAME = "$(TARGET_NAME)";
				TEST_HOST = "$(BUNDLE_LOADER)";
				WRAPPER_EXTENSION = xctest;
			};
			name = Debug;
		};
		1EE828F7180D853F0006264E /* Release */ = {
			isa = XCBuildConfiguration;
			buildSettings = {
				ARCHS = "$(ARCHS_STANDARD_INCLUDING_64_BIT)";
				BUNDLE_LOADER = "$(BUILT_PRODUCTS_DIR)/UnderTheTable.app/UnderTheTable";
				CODE_SIGN_IDENTITY = "";
				FRAMEWORK_SEARCH_PATHS = (
					"$(SDKROOT)/Developer/Library/Frameworks",
					"$(inherited)",
					"$(DEVELOPER_FRAMEWORKS_DIR)",
				);
				GCC_PRECOMPILE_PREFIX_HEADER = YES;
				GCC_PREFIX_HEADER = "DorothyParker/DorothyParker-Prefix.pch";
				INFOPLIST_FILE = "DorothyParkerTests/DorothyParkerTests-Info.plist";
				PRODUCT_NAME = "$(TARGET_NAME)";
				TEST_HOST = "$(BUNDLE_LOADER)";
				WRAPPER_EXTENSION = xctest;
			};
			name = Release;
		};
/* End XCBuildConfiguration section */

/* Begin XCConfigurationList section */
		1EC0672518157E8000003F8E /* Build configuration list for PBXAggregateTarget "Mogenerator" */ = {
			isa = XCConfigurationList;
			buildConfigurations = (
				1EC0672618157E8000003F8E /* Debug */,
				1EC0672718157E8000003F8E /* Release */,
			);
			defaultConfigurationIsVisible = 0;
			defaultConfigurationName = Release;
		};
		1EE828B8180D853E0006264E /* Build configuration list for PBXProject "DorothyParker" */ = {
			isa = XCConfigurationList;
			buildConfigurations = (
				1EE828F0180D853E0006264E /* Debug */,
				1EE828F1180D853E0006264E /* Release */,
			);
			defaultConfigurationIsVisible = 0;
			defaultConfigurationName = Release;
		};
		1EE828F2180D853F0006264E /* Build configuration list for PBXNativeTarget "DorothyParker" */ = {
			isa = XCConfigurationList;
			buildConfigurations = (
				1EE828F3180D853F0006264E /* Debug */,
				1EE828F4180D853F0006264E /* Release */,
			);
			defaultConfigurationIsVisible = 0;
			defaultConfigurationName = Release;
		};
		1EE828F5180D853F0006264E /* Build configuration list for PBXNativeTarget "DorothyParkerTests" */ = {
			isa = XCConfigurationList;
			buildConfigurations = (
				1EE828F6180D853F0006264E /* Debug */,
				1EE828F7180D853F0006264E /* Release */,
			);
			defaultConfigurationIsVisible = 0;
			defaultConfigurationName = Release;
		};
/* End XCConfigurationList section */

/* Begin XCVersionGroup section */
		1EEA2D041811C7C20020A575 /* Model.xcdatamodeld */ = {
			isa = XCVersionGroup;
			children = (
				1EEA2D051811C7C20020A575 /* Model.xcdatamodel */,
			);
			currentVersion = 1EEA2D051811C7C20020A575 /* Model.xcdatamodel */;
			path = Model.xcdatamodeld;
			sourceTree = "<group>";
			versionGroupType = wrapper.xcdatamodel;
		};
/* End XCVersionGroup section */
	};
	rootObject = 1EE828B5180D853E0006264E /* Project object */;
}
